
Microsoft Visual Studio Solution File, Format Version 12.00
# Visual Studio Version 16
VisualStudioVersion = 16.0.29326.143
MinimumVisualStudioVersion = 10.0.40219.1
Project("{9A19103F-16F7-4668-BE54-9A1E7A4F7556}") = "Smart.Security.Autentication.Abstractions", "Smart.Security.Autentication\Smart.Security.Autentication.Abstractions\Smart.Security.Autentication.Abstractions.csproj", "{3E041A1C-06AD-4DEC-9801-163863805C5B}"
EndProject
Project("{9A19103F-16F7-4668-BE54-9A1E7A4F7556}") = "Smart.Security.Autentication.Module", "Smart.Security.Autentication\Smart.Security.Autentication.Module\Smart.Security.Autentication.Module.csproj", "{50FFBAE4-2C84-430A-A55C-658EEEB002B7}"
EndProject
Project("{2150E333-8FDC-42A3-9474-1A3956D46DE8}") = "Security", "Security", "{9E3A531A-3C3B-49E0-923B-362CA9D97D9F}"
EndProject
Project("{2150E333-8FDC-42A3-9474-1A3956D46DE8}") = "Autentication", "Autentication", "{F664DCFD-EA53-4F99-B08D-38D102F85F82}"
EndProject
Project("{2150E333-8FDC-42A3-9474-1A3956D46DE8}") = "Run", "Run", "{606E4021-E56E-4AA4-A69F-213639A949D5}"
EndProject
Project("{9A19103F-16F7-4668-BE54-9A1E7A4F7556}") = "Smart.Run", "Smart.Run\Smart.Run.csproj", "{20763E4C-7E1C-47A8-ADDC-2B07CC6B7989}"
EndProject
Project("{2150E333-8FDC-42A3-9474-1A3956D46DE8}") = "Configuration", "Configuration", "{94161986-1DAE-4A26-AD5C-D94EB53217FA}"
EndProject
Project("{2150E333-8FDC-42A3-9474-1A3956D46DE8}") = "Data", "Data", "{66E5A975-10E5-4DE3-90E6-7C7F9892FAF7}"
EndProject
Project("{9A19103F-16F7-4668-BE54-9A1E7A4F7556}") = "Smart.Data.Abstractions", "Smart.Data\Smart.Data.Abstractions\Smart.Data.Abstractions.csproj", "{33B7305A-4EE7-401B-90FF-58FADD18C310}"
EndProject
Project("{9A19103F-16F7-4668-BE54-9A1E7A4F7556}") = "Smart.Data.Module", "Smart.Data\Smart.Data.Module\Smart.Data.Module.csproj", "{E9918E02-6FD2-4C82-B89C-4E4D31EB017A}"
EndProject
Project("{2150E333-8FDC-42A3-9474-1A3956D46DE8}") = "Utility", "Utility", "{ED5CAEBD-3116-4E31-8550-9B8331CFD788}"
EndProject
Project("{2150E333-8FDC-42A3-9474-1A3956D46DE8}") = "Importer", "Importer", "{BF9A41F8-1E8A-4092-B302-A79B4E37BB41}"
EndProject
Project("{FAE04EC0-301F-11D3-BF4B-00C04F79EFBC}") = "Smart.Utility.Importer.Contracts", "Smart.Utility.Importer.Contracts\Smart.Utility.Importer.Contracts.csproj", "{381564CD-A224-46BE-9DE9-038E018A3831}"
EndProject
Project("{FAE04EC0-301F-11D3-BF4B-00C04F79EFBC}") = "Smart.Utility.Importer.Module", "Smart.Utility.Importer.Module\Smart.Utility.Importer.Module.csproj", "{ABC82679-7D11-4392-B562-535AAA0DAAC8}"
EndProject
Global
	GlobalSection(SolutionConfigurationPlatforms) = preSolution
		Debug|Any CPU = Debug|Any CPU
		Release|Any CPU = Release|Any CPU
	EndGlobalSection
	GlobalSection(ProjectConfigurationPlatforms) = postSolution
		{3E041A1C-06AD-4DEC-9801-163863805C5B}.Debug|Any CPU.ActiveCfg = Debug|Any CPU
		{3E041A1C-06AD-4DEC-9801-163863805C5B}.Debug|Any CPU.Build.0 = Debug|Any CPU
		{3E041A1C-06AD-4DEC-9801-163863805C5B}.Release|Any CPU.ActiveCfg = Release|Any CPU
		{3E041A1C-06AD-4DEC-9801-163863805C5B}.Release|Any CPU.Build.0 = Release|Any CPU
		{50FFBAE4-2C84-430A-A55C-658EEEB002B7}.Debug|Any CPU.ActiveCfg = Debug|Any CPU
		{50FFBAE4-2C84-430A-A55C-658EEEB002B7}.Debug|Any CPU.Build.0 = Debug|Any CPU
		{50FFBAE4-2C84-430A-A55C-658EEEB002B7}.Release|Any CPU.ActiveCfg = Release|Any CPU
		{50FFBAE4-2C84-430A-A55C-658EEEB002B7}.Release|Any CPU.Build.0 = Release|Any CPU
		{20763E4C-7E1C-47A8-ADDC-2B07CC6B7989}.Debug|Any CPU.ActiveCfg = Debug|Any CPU
		{20763E4C-7E1C-47A8-ADDC-2B07CC6B7989}.Debug|Any CPU.Build.0 = Debug|Any CPU
		{20763E4C-7E1C-47A8-ADDC-2B07CC6B7989}.Release|Any CPU.ActiveCfg = Release|Any CPU
		{20763E4C-7E1C-47A8-ADDC-2B07CC6B7989}.Release|Any CPU.Build.0 = Release|Any CPU
		{33B7305A-4EE7-401B-90FF-58FADD18C310}.Debug|Any CPU.ActiveCfg = Debug|Any CPU
		{33B7305A-4EE7-401B-90FF-58FADD18C310}.Debug|Any CPU.Build.0 = Debug|Any CPU
		{33B7305A-4EE7-401B-90FF-58FADD18C310}.Release|Any CPU.ActiveCfg = Release|Any CPU
		{33B7305A-4EE7-401B-90FF-58FADD18C310}.Release|Any CPU.Build.0 = Release|Any CPU
		{E9918E02-6FD2-4C82-B89C-4E4D31EB017A}.Debug|Any CPU.ActiveCfg = Debug|Any CPU
		{E9918E02-6FD2-4C82-B89C-4E4D31EB017A}.Debug|Any CPU.Build.0 = Debug|Any CPU
		{E9918E02-6FD2-4C82-B89C-4E4D31EB017A}.Release|Any CPU.ActiveCfg = Release|Any CPU
		{E9918E02-6FD2-4C82-B89C-4E4D31EB017A}.Release|Any CPU.Build.0 = Release|Any CPU
		{381564CD-A224-46BE-9DE9-038E018A3831}.Debug|Any CPU.ActiveCfg = Debug|Any CPU
		{381564CD-A224-46BE-9DE9-038E018A3831}.Debug|Any CPU.Build.0 = Debug|Any CPU
		{381564CD-A224-46BE-9DE9-038E018A3831}.Release|Any CPU.ActiveCfg = Release|Any CPU
		{381564CD-A224-46BE-9DE9-038E018A3831}.Release|Any CPU.Build.0 = Release|Any CPU
		{ABC82679-7D11-4392-B562-535AAA0DAAC8}.Debug|Any CPU.ActiveCfg = Debug|Any CPU
		{ABC82679-7D11-4392-B562-535AAA0DAAC8}.Debug|Any CPU.Build.0 = Debug|Any CPU
		{ABC82679-7D11-4392-B562-535AAA0DAAC8}.Release|Any CPU.ActiveCfg = Release|Any CPU
		{ABC82679-7D11-4392-B562-535AAA0DAAC8}.Release|Any CPU.Build.0 = Release|Any CPU
	EndGlobalSection
	GlobalSection(SolutionProperties) = preSolution
		HideSolutionNode = FALSE
	EndGlobalSection
	GlobalSection(NestedProjects) = preSolution
		{3E041A1C-06AD-4DEC-9801-163863805C5B} = {F664DCFD-EA53-4F99-B08D-38D102F85F82}
		{50FFBAE4-2C84-430A-A55C-658EEEB002B7} = {F664DCFD-EA53-4F99-B08D-38D102F85F82}
		{F664DCFD-EA53-4F99-B08D-38D102F85F82} = {9E3A531A-3C3B-49E0-923B-362CA9D97D9F}
		{20763E4C-7E1C-47A8-ADDC-2B07CC6B7989} = {606E4021-E56E-4AA4-A69F-213639A949D5}
		{33B7305A-4EE7-401B-90FF-58FADD18C310} = {66E5A975-10E5-4DE3-90E6-7C7F9892FAF7}
		{E9918E02-6FD2-4C82-B89C-4E4D31EB017A} = {66E5A975-10E5-4DE3-90E6-7C7F9892FAF7}
		{BF9A41F8-1E8A-4092-B302-A79B4E37BB41} = {ED5CAEBD-3116-4E31-8550-9B8331CFD788}
		{381564CD-A224-46BE-9DE9-038E018A3831} = {BF9A41F8-1E8A-4092-B302-A79B4E37BB41}
		{ABC82679-7D11-4392-B562-535AAA0DAAC8} = {BF9A41F8-1E8A-4092-B302-A79B4E37BB41}
	EndGlobalSection
	GlobalSection(ExtensibilityGlobals) = postSolution
		SolutionGuid = {33A9734A-620F-488E-8594-01A02A45773E}
	EndGlobalSection
EndGlobal
